
Microsoft Visual Studio Solution File, Format Version 11.00
# Visual C# Express 2010
Project("{FAE04EC0-301F-11D3-BF4B-00C04F79EFBC}") = "ChapterFiveProblems", "ChapterFiveProblems\ChapterFiveProblems.csproj", "{33BA3F5F-044E-4DCD-BB77-99BDA3405C46}"
EndProject
Project("{FAE04EC0-301F-11D3-BF4B-00C04F79EFBC}") = "IntegerList", "IntegerList\IntegerList.csproj", "{81E2984D-7530-42DE-B1F7-5B17AE7554BA}"
EndProject
Project("{FAE04EC0-301F-11D3-BF4B-00C04F79EFBC}") = "CheckZips", "CheckZips\CheckZips.csproj", "{1F32A077-5D28-40D1-8DFA-D85F1759F299}"
EndProject
Global
	GlobalSection(SolutionConfigurationPlatforms) = preSolution
		Debug|x86 = Debug|x86
		Release|x86 = Release|x86
	EndGlobalSection
	GlobalSection(ProjectConfigurationPlatforms) = postSolution
		{33BA3F5F-044E-4DCD-BB77-99BDA3405C46}.Debug|x86.ActiveCfg = Debug|x86
		{33BA3F5F-044E-4DCD-BB77-99BDA3405C46}.Debug|x86.Build.0 = Debug|x86
		{33BA3F5F-044E-4DCD-BB77-99BDA3405C46}.Release|x86.ActiveCfg = Release|x86
		{33BA3F5F-044E-4DCD-BB77-99BDA3405C46}.Release|x86.Build.0 = Release|x86
		{81E2984D-7530-42DE-B1F7-5B17AE7554BA}.Debug|x86.ActiveCfg = Debug|x86
		{81E2984D-7530-42DE-B1F7-5B17AE7554BA}.Debug|x86.Build.0 = Debug|x86
		{81E2984D-7530-42DE-B1F7-5B17AE7554BA}.Release|x86.ActiveCfg = Release|x86
		{81E2984D-7530-42DE-B1F7-5B17AE7554BA}.Release|x86.Build.0 = Release|x86
		{1F32A077-5D28-40D1-8DFA-D85F1759F299}.Debug|x86.ActiveCfg = Debug|x86
		{1F32A077-5D28-40D1-8DFA-D85F1759F299}.Debug|x86.Build.0 = Debug|x86
		{1F32A077-5D28-40D1-8DFA-D85F1759F299}.Release|x86.ActiveCfg = Release|x86
		{1F32A077-5D28-40D1-8DFA-D85F1759F299}.Release|x86.Build.0 = Release|x86
	EndGlobalSection
	GlobalSection(SolutionProperties) = preSolution
		HideSolutionNode = FALSE
	EndGlobalSection
EndGlobal
